
Microsoft Visual Studio Solution File, Format Version 11.00
# Visual Studio 2010
Project("{FAE04EC0-301F-11D3-BF4B-00C04F79EFBC}") = "TANKS", "Assembly-CSharp.csproj", "{BE8CBF9E-5975-DABB-296C-DBE09F6DCF38}"
EndProject
Project("{FAE04EC0-301F-11D3-BF4B-00C04F79EFBC}") = "TANKS", "Assembly-CSharp-Editor.csproj", "{C8EC6895-B771-4762-9DF8-E82184B2582C}"
EndProject
Global
	GlobalSection(SolutionConfigurationPlatforms) = preSolution
		Debug|Any CPU = Debug|Any CPU
		Release|Any CPU = Release|Any CPU
	EndGlobalSection
	GlobalSection(ProjectConfigurationPlatforms) = postSolution
		{BE8CBF9E-5975-DABB-296C-DBE09F6DCF38}.Debug|Any CPU.ActiveCfg = Debug|Any CPU
		{BE8CBF9E-5975-DABB-296C-DBE09F6DCF38}.Debug|Any CPU.Build.0 = Debug|Any CPU
		{BE8CBF9E-5975-DABB-296C-DBE09F6DCF38}.Release|Any CPU.ActiveCfg = Release|Any CPU
		{BE8CBF9E-5975-DABB-296C-DBE09F6DCF38}.Release|Any CPU.Build.0 = Release|Any CPU
		{C8EC6895-B771-4762-9DF8-E82184B2582C}.Debug|Any CPU.ActiveCfg = Debug|Any CPU
		{C8EC6895-B771-4762-9DF8-E82184B2582C}.Debug|Any CPU.Build.0 = Debug|Any CPU
		{C8EC6895-B771-4762-9DF8-E82184B2582C}.Release|Any CPU.ActiveCfg = Release|Any CPU
		{C8EC6895-B771-4762-9DF8-E82184B2582C}.Release|Any CPU.Build.0 = Release|Any CPU
	EndGlobalSection
	GlobalSection(SolutionProperties) = preSolution
		HideSolutionNode = FALSE
	EndGlobalSection
	GlobalSection(MonoDevelopProperties) = preSolution
		StartupItem = Assembly-CSharp.csproj
	EndGlobalSection
EndGlobal
